
Microsoft Visual Studio Solution File, Format Version 12.00
Project("{FAE04EC0-301F-11D3-BF4B-00C04F79EFBC}") = "Day1", "Day1\Day1.csproj", "{BF9A3532-3DAB-45D6-8774-59BB7C325CB2}"
EndProject
Project("{FAE04EC0-301F-11D3-BF4B-00C04F79EFBC}") = "Common", "Common\Common.csproj", "{1A12F117-A3EF-49AF-BFE4-9F0E0178333E}"
EndProject
Project("{FAE04EC0-301F-11D3-BF4B-00C04F79EFBC}") = "Day2", "Day2\Day2.csproj", "{698BD4BD-CF23-44CB-8C0A-6A950FD7564A}"
EndProject
Project("{FAE04EC0-301F-11D3-BF4B-00C04F79EFBC}") = "Day3", "Day3\Day3.csproj", "{E404E08E-86E4-48CF-BE5E-3BE875FBF5FB}"
EndProject
Project("{FAE04EC0-301F-11D3-BF4B-00C04F79EFBC}") = "Day4", "Day4\Day4.csproj", "{82D28D23-3781-4B35-B32E-377E36EFDCF8}"
EndProject
Project("{FAE04EC0-301F-11D3-BF4B-00C04F79EFBC}") = "Day5", "Day5\Day5.csproj", "{4AAED1ED-F963-4D9F-835B-A82E13FDAAAE}"
EndProject
Project("{FAE04EC0-301F-11D3-BF4B-00C04F79EFBC}") = "Day6", "Day6\Day6.csproj", "{391D891B-80D8-459C-87E9-E712BDDF0056}"
EndProject
Project("{FAE04EC0-301F-11D3-BF4B-00C04F79EFBC}") = "Day7", "Day7\Day7.csproj", "{42447EEA-0125-4762-A9B1-0C53639BB7E2}"
EndProject
Project("{FAE04EC0-301F-11D3-BF4B-00C04F79EFBC}") = "Day8", "Day8\Day8.csproj", "{256F50CD-FAB6-404E-8482-7A28A65B380D}"
EndProject
Project("{FAE04EC0-301F-11D3-BF4B-00C04F79EFBC}") = "Day9", "Day9\Day9.csproj", "{A67CEF5C-8A14-467B-8046-7955ADCAAAB4}"
EndProject
Project("{FAE04EC0-301F-11D3-BF4B-00C04F79EFBC}") = "Day10", "Day10\Day10.csproj", "{27280780-5685-48D2-938C-203A7831E752}"
EndProject
Project("{FAE04EC0-301F-11D3-BF4B-00C04F79EFBC}") = "Day11", "Day11\Day11.csproj", "{0E508798-6FF5-4CD6-815A-D6F1307649DE}"
EndProject
Project("{FAE04EC0-301F-11D3-BF4B-00C04F79EFBC}") = "Day12", "Day12\Day12.csproj", "{B8B6F657-0B23-48FE-A295-479BFE3AF645}"
EndProject
Project("{FAE04EC0-301F-11D3-BF4B-00C04F79EFBC}") = "Day13", "Day13\Day13.csproj", "{FE324C07-FBA4-461D-8260-3659D077115E}"
EndProject
Global
	GlobalSection(SolutionConfigurationPlatforms) = preSolution
		Debug|Any CPU = Debug|Any CPU
		Release|Any CPU = Release|Any CPU
	EndGlobalSection
	GlobalSection(ProjectConfigurationPlatforms) = postSolution
		{BF9A3532-3DAB-45D6-8774-59BB7C325CB2}.Debug|Any CPU.ActiveCfg = Debug|Any CPU
		{BF9A3532-3DAB-45D6-8774-59BB7C325CB2}.Debug|Any CPU.Build.0 = Debug|Any CPU
		{BF9A3532-3DAB-45D6-8774-59BB7C325CB2}.Release|Any CPU.ActiveCfg = Release|Any CPU
		{BF9A3532-3DAB-45D6-8774-59BB7C325CB2}.Release|Any CPU.Build.0 = Release|Any CPU
		{1A12F117-A3EF-49AF-BFE4-9F0E0178333E}.Debug|Any CPU.ActiveCfg = Debug|Any CPU
		{1A12F117-A3EF-49AF-BFE4-9F0E0178333E}.Debug|Any CPU.Build.0 = Debug|Any CPU
		{1A12F117-A3EF-49AF-BFE4-9F0E0178333E}.Release|Any CPU.ActiveCfg = Release|Any CPU
		{1A12F117-A3EF-49AF-BFE4-9F0E0178333E}.Release|Any CPU.Build.0 = Release|Any CPU
		{698BD4BD-CF23-44CB-8C0A-6A950FD7564A}.Debug|Any CPU.ActiveCfg = Debug|Any CPU
		{698BD4BD-CF23-44CB-8C0A-6A950FD7564A}.Debug|Any CPU.Build.0 = Debug|Any CPU
		{698BD4BD-CF23-44CB-8C0A-6A950FD7564A}.Release|Any CPU.ActiveCfg = Release|Any CPU
		{698BD4BD-CF23-44CB-8C0A-6A950FD7564A}.Release|Any CPU.Build.0 = Release|Any CPU
		{E404E08E-86E4-48CF-BE5E-3BE875FBF5FB}.Debug|Any CPU.ActiveCfg = Debug|Any CPU
		{E404E08E-86E4-48CF-BE5E-3BE875FBF5FB}.Debug|Any CPU.Build.0 = Debug|Any CPU
		{E404E08E-86E4-48CF-BE5E-3BE875FBF5FB}.Release|Any CPU.ActiveCfg = Release|Any CPU
		{E404E08E-86E4-48CF-BE5E-3BE875FBF5FB}.Release|Any CPU.Build.0 = Release|Any CPU
		{82D28D23-3781-4B35-B32E-377E36EFDCF8}.Debug|Any CPU.ActiveCfg = Debug|Any CPU
		{82D28D23-3781-4B35-B32E-377E36EFDCF8}.Debug|Any CPU.Build.0 = Debug|Any CPU
		{82D28D23-3781-4B35-B32E-377E36EFDCF8}.Release|Any CPU.ActiveCfg = Release|Any CPU
		{82D28D23-3781-4B35-B32E-377E36EFDCF8}.Release|Any CPU.Build.0 = Release|Any CPU
		{4AAED1ED-F963-4D9F-835B-A82E13FDAAAE}.Debug|Any CPU.ActiveCfg = Debug|Any CPU
		{4AAED1ED-F963-4D9F-835B-A82E13FDAAAE}.Debug|Any CPU.Build.0 = Debug|Any CPU
		{4AAED1ED-F963-4D9F-835B-A82E13FDAAAE}.Release|Any CPU.ActiveCfg = Release|Any CPU
		{4AAED1ED-F963-4D9F-835B-A82E13FDAAAE}.Release|Any CPU.Build.0 = Release|Any CPU
		{391D891B-80D8-459C-87E9-E712BDDF0056}.Debug|Any CPU.ActiveCfg = Debug|Any CPU
		{391D891B-80D8-459C-87E9-E712BDDF0056}.Debug|Any CPU.Build.0 = Debug|Any CPU
		{391D891B-80D8-459C-87E9-E712BDDF0056}.Release|Any CPU.ActiveCfg = Release|Any CPU
		{391D891B-80D8-459C-87E9-E712BDDF0056}.Release|Any CPU.Build.0 = Release|Any CPU
		{42447EEA-0125-4762-A9B1-0C53639BB7E2}.Debug|Any CPU.ActiveCfg = Debug|Any CPU
		{42447EEA-0125-4762-A9B1-0C53639BB7E2}.Debug|Any CPU.Build.0 = Debug|Any CPU
		{42447EEA-0125-4762-A9B1-0C53639BB7E2}.Release|Any CPU.ActiveCfg = Release|Any CPU
		{42447EEA-0125-4762-A9B1-0C53639BB7E2}.Release|Any CPU.Build.0 = Release|Any CPU
		{256F50CD-FAB6-404E-8482-7A28A65B380D}.Debug|Any CPU.ActiveCfg = Debug|Any CPU
		{256F50CD-FAB6-404E-8482-7A28A65B380D}.Debug|Any CPU.Build.0 = Debug|Any CPU
		{256F50CD-FAB6-404E-8482-7A28A65B380D}.Release|Any CPU.ActiveCfg = Release|Any CPU
		{256F50CD-FAB6-404E-8482-7A28A65B380D}.Release|Any CPU.Build.0 = Release|Any CPU
		{A67CEF5C-8A14-467B-8046-7955ADCAAAB4}.Debug|Any CPU.ActiveCfg = Debug|Any CPU
		{A67CEF5C-8A14-467B-8046-7955ADCAAAB4}.Debug|Any CPU.Build.0 = Debug|Any CPU
		{A67CEF5C-8A14-467B-8046-7955ADCAAAB4}.Release|Any CPU.ActiveCfg = Release|Any CPU
		{A67CEF5C-8A14-467B-8046-7955ADCAAAB4}.Release|Any CPU.Build.0 = Release|Any CPU
		{27280780-5685-48D2-938C-203A7831E752}.Debug|Any CPU.ActiveCfg = Debug|Any CPU
		{27280780-5685-48D2-938C-203A7831E752}.Debug|Any CPU.Build.0 = Debug|Any CPU
		{27280780-5685-48D2-938C-203A7831E752}.Release|Any CPU.ActiveCfg = Release|Any CPU
		{27280780-5685-48D2-938C-203A7831E752}.Release|Any CPU.Build.0 = Release|Any CPU
		{0E508798-6FF5-4CD6-815A-D6F1307649DE}.Debug|Any CPU.ActiveCfg = Debug|Any CPU
		{0E508798-6FF5-4CD6-815A-D6F1307649DE}.Debug|Any CPU.Build.0 = Debug|Any CPU
		{0E508798-6FF5-4CD6-815A-D6F1307649DE}.Release|Any CPU.ActiveCfg = Release|Any CPU
		{0E508798-6FF5-4CD6-815A-D6F1307649DE}.Release|Any CPU.Build.0 = Release|Any CPU
		{B8B6F657-0B23-48FE-A295-479BFE3AF645}.Debug|Any CPU.ActiveCfg = Debug|Any CPU
		{B8B6F657-0B23-48FE-A295-479BFE3AF645}.Debug|Any CPU.Build.0 = Debug|Any CPU
		{B8B6F657-0B23-48FE-A295-479BFE3AF645}.Release|Any CPU.ActiveCfg = Release|Any CPU
		{B8B6F657-0B23-48FE-A295-479BFE3AF645}.Release|Any CPU.Build.0 = Release|Any CPU
		{FE324C07-FBA4-461D-8260-3659D077115E}.Debug|Any CPU.ActiveCfg = Debug|Any CPU
		{FE324C07-FBA4-461D-8260-3659D077115E}.Debug|Any CPU.Build.0 = Debug|Any CPU
		{FE324C07-FBA4-461D-8260-3659D077115E}.Release|Any CPU.ActiveCfg = Release|Any CPU
		{FE324C07-FBA4-461D-8260-3659D077115E}.Release|Any CPU.Build.0 = Release|Any CPU
	EndGlobalSection
EndGlobal
